# THIS IS AN AUTOGENERATED FILE. DO NOT EDIT THIS FILE DIRECTLY.
# yarn lockfile v1


react-native-keyevent@^0.2.8:
  version "0.2.8"
  resolved "https://registry.yarnpkg.com/react-native-keyevent/-/react-native-keyevent-0.2.8.tgz#f6c035bf17b8d8221e546e85e430cd1d3021c5d7"
  integrity sha512-tqZwJXDpAL7rBUGRAz4AaoAyQkaWA7k1Bq+l7P4GLsWAD7g0z/KSAOMY3cJanLYJxr4+t4FEZ8seA1YQ/7kchg==
